
Microsoft Visual Studio Solution File, Format Version 12.00
# Visual Studio Version 17
VisualStudioVersion = 17.3.32901.215
MinimumVisualStudioVersion = 10.0.40219.1
Project("{8BC9CEB8-8B4A-11D0-8D11-00A0C91BC942}") = "ch2", "DataStructureC\DataStructureC.vcxproj", "{F5AB053A-3725-4933-A87C-DB07EA6D4B1C}"
EndProject
Project("{8BC9CEB8-8B4A-11D0-8D11-00A0C91BC942}") = "ch3_array", "ch3\ch3.vcxproj", "{DF17EE74-58C7-46DF-98B8-3B1951167A4F}"
EndProject
Project("{8BC9CEB8-8B4A-11D0-8D11-00A0C91BC942}") = "ch3_matrix", "ch3_matrix\ch3_matrix.vcxproj", "{99CDFF82-243B-4DB1-9E0E-F61688FCE457}"
EndProject
Project("{8BC9CEB8-8B4A-11D0-8D11-00A0C91BC942}") = "ch3_pointer", "ch3_pointer\ch3_pointer.vcxproj", "{D00D3C0F-F2A3-4FC4-8AA9-FD35E2830674}"
EndProject
Project("{8BC9CEB8-8B4A-11D0-8D11-00A0C91BC942}") = "ch4", "ch4_array\ch4_array.vcxproj", "{265875C9-CD44-41ED-9093-03E281226F59}"
EndProject
Project("{8BC9CEB8-8B4A-11D0-8D11-00A0C91BC942}") = "ch4_maze", "ch4_maze\ch4_maze.vcxproj", "{0AAA70B5-5400-4C33-8B67-0DE010144F2B}"
EndProject
Project("{8BC9CEB8-8B4A-11D0-8D11-00A0C91BC942}") = "ch5", "ch5\ch5.vcxproj", "{6B695B22-6AFD-4C5E-BEAC-F8BA8192231E}"
EndProject
Project("{8BC9CEB8-8B4A-11D0-8D11-00A0C91BC942}") = "ch5_circularQueue", "ch5_circularQueue\ch5_circularQueue.vcxproj", "{BAE5EB1C-2005-418D-A687-7E58DA5A70C5}"
EndProject
Project("{8BC9CEB8-8B4A-11D0-8D11-00A0C91BC942}") = "ch5_BankingQueue", "BankingQueue\BankingQueue.vcxproj", "{FC8B6628-8A65-4DBA-96AF-A0A9B4861D35}"
EndProject
Project("{8BC9CEB8-8B4A-11D0-8D11-00A0C91BC942}") = "ch6_ArrayList", "ch6_ArrayList\ch6_ArrayList.vcxproj", "{FBABAAD4-CB9C-4B1C-AC74-1A8A3E83F9D8}"
EndProject
Project("{8BC9CEB8-8B4A-11D0-8D11-00A0C91BC942}") = "ch6_LinkedList", "ch6_LinkedList\ch6_LinkedList.vcxproj", "{A7719816-8E64-4B43-860D-954AB7CC6680}"
EndProject
Project("{8BC9CEB8-8B4A-11D0-8D11-00A0C91BC942}") = "ch7_CircledList", "ch7_CircledList\ch7_CircledList.vcxproj", "{DB5BACEB-FFDB-40A4-80D1-7C533F0AA872}"
EndProject
Project("{8BC9CEB8-8B4A-11D0-8D11-00A0C91BC942}") = "ch7_doubleList", "ch7_doubleList\ch7_doubleList.vcxproj", "{07ADDC8E-9BA8-4BF3-8450-8B4B264FFC54}"
EndProject
Project("{8BC9CEB8-8B4A-11D0-8D11-00A0C91BC942}") = "ch7_StackQueuebyLinkedList", "ch7_StackbyLinkedList\ch7_StackbyLinkedList.vcxproj", "{46F3488D-ECB7-47C2-ABC4-BFD0EDA86BAE}"
EndProject
Project("{8BC9CEB8-8B4A-11D0-8D11-00A0C91BC942}") = "ch8_BinaryTree_Link", "ch8_BinaryTree_Link\ch8_BinaryTree_Link.vcxproj", "{E9AEF405-779C-487A-BCC6-B8F759AF8EEF}"
EndProject
Project("{8BC9CEB8-8B4A-11D0-8D11-00A0C91BC942}") = "ch8_threadBinaryTree", "ch7_threadBinaryTree\ch7_threadBinaryTree.vcxproj", "{9F9A2CEB-E54E-4656-B525-BA31A892EFE8}"
EndProject
Project("{8BC9CEB8-8B4A-11D0-8D11-00A0C91BC942}") = "ch8_BST", "ch8_BST\ch8_BST.vcxproj", "{47C13EBB-9ED2-496F-9219-BD35C9B6BE9B}"
EndProject
Global
	GlobalSection(SolutionConfigurationPlatforms) = preSolution
		Debug|x64 = Debug|x64
		Debug|x86 = Debug|x86
		Release|x64 = Release|x64
		Release|x86 = Release|x86
	EndGlobalSection
	GlobalSection(ProjectConfigurationPlatforms) = postSolution
		{F5AB053A-3725-4933-A87C-DB07EA6D4B1C}.Debug|x64.ActiveCfg = Debug|x64
		{F5AB053A-3725-4933-A87C-DB07EA6D4B1C}.Debug|x64.Build.0 = Debug|x64
		{F5AB053A-3725-4933-A87C-DB07EA6D4B1C}.Debug|x86.ActiveCfg = Debug|Win32
		{F5AB053A-3725-4933-A87C-DB07EA6D4B1C}.Debug|x86.Build.0 = Debug|Win32
		{F5AB053A-3725-4933-A87C-DB07EA6D4B1C}.Release|x64.ActiveCfg = Release|x64
		{F5AB053A-3725-4933-A87C-DB07EA6D4B1C}.Release|x64.Build.0 = Release|x64
		{F5AB053A-3725-4933-A87C-DB07EA6D4B1C}.Release|x86.ActiveCfg = Release|Win32
		{F5AB053A-3725-4933-A87C-DB07EA6D4B1C}.Release|x86.Build.0 = Release|Win32
		{DF17EE74-58C7-46DF-98B8-3B1951167A4F}.Debug|x64.ActiveCfg = Debug|x64
		{DF17EE74-58C7-46DF-98B8-3B1951167A4F}.Debug|x64.Build.0 = Debug|x64
		{DF17EE74-58C7-46DF-98B8-3B1951167A4F}.Debug|x86.ActiveCfg = Debug|Win32
		{DF17EE74-58C7-46DF-98B8-3B1951167A4F}.Debug|x86.Build.0 = Debug|Win32
		{DF17EE74-58C7-46DF-98B8-3B1951167A4F}.Release|x64.ActiveCfg = Release|x64
		{DF17EE74-58C7-46DF-98B8-3B1951167A4F}.Release|x64.Build.0 = Release|x64
		{DF17EE74-58C7-46DF-98B8-3B1951167A4F}.Release|x86.ActiveCfg = Release|Win32
		{DF17EE74-58C7-46DF-98B8-3B1951167A4F}.Release|x86.Build.0 = Release|Win32
		{99CDFF82-243B-4DB1-9E0E-F61688FCE457}.Debug|x64.ActiveCfg = Debug|x64
		{99CDFF82-243B-4DB1-9E0E-F61688FCE457}.Debug|x64.Build.0 = Debug|x64
		{99CDFF82-243B-4DB1-9E0E-F61688FCE457}.Debug|x86.ActiveCfg = Debug|Win32
		{99CDFF82-243B-4DB1-9E0E-F61688FCE457}.Debug|x86.Build.0 = Debug|Win32
		{99CDFF82-243B-4DB1-9E0E-F61688FCE457}.Release|x64.ActiveCfg = Release|x64
		{99CDFF82-243B-4DB1-9E0E-F61688FCE457}.Release|x64.Build.0 = Release|x64
		{99CDFF82-243B-4DB1-9E0E-F61688FCE457}.Release|x86.ActiveCfg = Release|Win32
		{99CDFF82-243B-4DB1-9E0E-F61688FCE457}.Release|x86.Build.0 = Release|Win32
		{D00D3C0F-F2A3-4FC4-8AA9-FD35E2830674}.Debug|x64.ActiveCfg = Debug|x64
		{D00D3C0F-F2A3-4FC4-8AA9-FD35E2830674}.Debug|x64.Build.0 = Debug|x64
		{D00D3C0F-F2A3-4FC4-8AA9-FD35E2830674}.Debug|x86.ActiveCfg = Debug|Win32
		{D00D3C0F-F2A3-4FC4-8AA9-FD35E2830674}.Debug|x86.Build.0 = Debug|Win32
		{D00D3C0F-F2A3-4FC4-8AA9-FD35E2830674}.Release|x64.ActiveCfg = Release|x64
		{D00D3C0F-F2A3-4FC4-8AA9-FD35E2830674}.Release|x64.Build.0 = Release|x64
		{D00D3C0F-F2A3-4FC4-8AA9-FD35E2830674}.Release|x86.ActiveCfg = Release|Win32
		{D00D3C0F-F2A3-4FC4-8AA9-FD35E2830674}.Release|x86.Build.0 = Release|Win32
		{265875C9-CD44-41ED-9093-03E281226F59}.Debug|x64.ActiveCfg = Debug|x64
		{265875C9-CD44-41ED-9093-03E281226F59}.Debug|x64.Build.0 = Debug|x64
		{265875C9-CD44-41ED-9093-03E281226F59}.Debug|x86.ActiveCfg = Debug|Win32
		{265875C9-CD44-41ED-9093-03E281226F59}.Debug|x86.Build.0 = Debug|Win32
		{265875C9-CD44-41ED-9093-03E281226F59}.Release|x64.ActiveCfg = Release|x64
		{265875C9-CD44-41ED-9093-03E281226F59}.Release|x64.Build.0 = Release|x64
		{265875C9-CD44-41ED-9093-03E281226F59}.Release|x86.ActiveCfg = Release|Win32
		{265875C9-CD44-41ED-9093-03E281226F59}.Release|x86.Build.0 = Release|Win32
		{0AAA70B5-5400-4C33-8B67-0DE010144F2B}.Debug|x64.ActiveCfg = Debug|x64
		{0AAA70B5-5400-4C33-8B67-0DE010144F2B}.Debug|x64.Build.0 = Debug|x64
		{0AAA70B5-5400-4C33-8B67-0DE010144F2B}.Debug|x86.ActiveCfg = Debug|Win32
		{0AAA70B5-5400-4C33-8B67-0DE010144F2B}.Debug|x86.Build.0 = Debug|Win32
		{0AAA70B5-5400-4C33-8B67-0DE010144F2B}.Release|x64.ActiveCfg = Release|x64
		{0AAA70B5-5400-4C33-8B67-0DE010144F2B}.Release|x64.Build.0 = Release|x64
		{0AAA70B5-5400-4C33-8B67-0DE010144F2B}.Release|x86.ActiveCfg = Release|Win32
		{0AAA70B5-5400-4C33-8B67-0DE010144F2B}.Release|x86.Build.0 = Release|Win32
		{6B695B22-6AFD-4C5E-BEAC-F8BA8192231E}.Debug|x64.ActiveCfg = Debug|x64
		{6B695B22-6AFD-4C5E-BEAC-F8BA8192231E}.Debug|x64.Build.0 = Debug|x64
		{6B695B22-6AFD-4C5E-BEAC-F8BA8192231E}.Debug|x86.ActiveCfg = Debug|Win32
		{6B695B22-6AFD-4C5E-BEAC-F8BA8192231E}.Debug|x86.Build.0 = Debug|Win32
		{6B695B22-6AFD-4C5E-BEAC-F8BA8192231E}.Release|x64.ActiveCfg = Release|x64
		{6B695B22-6AFD-4C5E-BEAC-F8BA8192231E}.Release|x64.Build.0 = Release|x64
		{6B695B22-6AFD-4C5E-BEAC-F8BA8192231E}.Release|x86.ActiveCfg = Release|Win32
		{6B695B22-6AFD-4C5E-BEAC-F8BA8192231E}.Release|x86.Build.0 = Release|Win32
		{BAE5EB1C-2005-418D-A687-7E58DA5A70C5}.Debug|x64.ActiveCfg = Debug|x64
		{BAE5EB1C-2005-418D-A687-7E58DA5A70C5}.Debug|x64.Build.0 = Debug|x64
		{BAE5EB1C-2005-418D-A687-7E58DA5A70C5}.Debug|x86.ActiveCfg = Debug|Win32
		{BAE5EB1C-2005-418D-A687-7E58DA5A70C5}.Debug|x86.Build.0 = Debug|Win32
		{BAE5EB1C-2005-418D-A687-7E58DA5A70C5}.Release|x64.ActiveCfg = Release|x64
		{BAE5EB1C-2005-418D-A687-7E58DA5A70C5}.Release|x64.Build.0 = Release|x64
		{BAE5EB1C-2005-418D-A687-7E58DA5A70C5}.Release|x86.ActiveCfg = Release|Win32
		{BAE5EB1C-2005-418D-A687-7E58DA5A70C5}.Release|x86.Build.0 = Release|Win32
		{FC8B6628-8A65-4DBA-96AF-A0A9B4861D35}.Debug|x64.ActiveCfg = Debug|x64
		{FC8B6628-8A65-4DBA-96AF-A0A9B4861D35}.Debug|x64.Build.0 = Debug|x64
		{FC8B6628-8A65-4DBA-96AF-A0A9B4861D35}.Debug|x86.ActiveCfg = Debug|Win32
		{FC8B6628-8A65-4DBA-96AF-A0A9B4861D35}.Debug|x86.Build.0 = Debug|Win32
		{FC8B6628-8A65-4DBA-96AF-A0A9B4861D35}.Release|x64.ActiveCfg = Release|x64
		{FC8B6628-8A65-4DBA-96AF-A0A9B4861D35}.Release|x64.Build.0 = Release|x64
		{FC8B6628-8A65-4DBA-96AF-A0A9B4861D35}.Release|x86.ActiveCfg = Release|Win32
		{FC8B6628-8A65-4DBA-96AF-A0A9B4861D35}.Release|x86.Build.0 = Release|Win32
		{FBABAAD4-CB9C-4B1C-AC74-1A8A3E83F9D8}.Debug|x64.ActiveCfg = Debug|x64
		{FBABAAD4-CB9C-4B1C-AC74-1A8A3E83F9D8}.Debug|x64.Build.0 = Debug|x64
		{FBABAAD4-CB9C-4B1C-AC74-1A8A3E83F9D8}.Debug|x86.ActiveCfg = Debug|Win32
		{FBABAAD4-CB9C-4B1C-AC74-1A8A3E83F9D8}.Debug|x86.Build.0 = Debug|Win32
		{FBABAAD4-CB9C-4B1C-AC74-1A8A3E83F9D8}.Release|x64.ActiveCfg = Release|x64
		{FBABAAD4-CB9C-4B1C-AC74-1A8A3E83F9D8}.Release|x64.Build.0 = Release|x64
		{FBABAAD4-CB9C-4B1C-AC74-1A8A3E83F9D8}.Release|x86.ActiveCfg = Release|Win32
		{FBABAAD4-CB9C-4B1C-AC74-1A8A3E83F9D8}.Release|x86.Build.0 = Release|Win32
		{A7719816-8E64-4B43-860D-954AB7CC6680}.Debug|x64.ActiveCfg = Debug|x64
		{A7719816-8E64-4B43-860D-954AB7CC6680}.Debug|x64.Build.0 = Debug|x64
		{A7719816-8E64-4B43-860D-954AB7CC6680}.Debug|x86.ActiveCfg = Debug|Win32
		{A7719816-8E64-4B43-860D-954AB7CC6680}.Debug|x86.Build.0 = Debug|Win32
		{A7719816-8E64-4B43-860D-954AB7CC6680}.Release|x64.ActiveCfg = Release|x64
		{A7719816-8E64-4B43-860D-954AB7CC6680}.Release|x64.Build.0 = Release|x64
		{A7719816-8E64-4B43-860D-954AB7CC6680}.Release|x86.ActiveCfg = Release|Win32
		{A7719816-8E64-4B43-860D-954AB7CC6680}.Release|x86.Build.0 = Release|Win32
		{DB5BACEB-FFDB-40A4-80D1-7C533F0AA872}.Debug|x64.ActiveCfg = Debug|x64
		{DB5BACEB-FFDB-40A4-80D1-7C533F0AA872}.Debug|x64.Build.0 = Debug|x64
		{DB5BACEB-FFDB-40A4-80D1-7C533F0AA872}.Debug|x86.ActiveCfg = Debug|Win32
		{DB5BACEB-FFDB-40A4-80D1-7C533F0AA872}.Debug|x86.Build.0 = Debug|Win32
		{DB5BACEB-FFDB-40A4-80D1-7C533F0AA872}.Release|x64.ActiveCfg = Release|x64
		{DB5BACEB-FFDB-40A4-80D1-7C533F0AA872}.Release|x64.Build.0 = Release|x64
		{DB5BACEB-FFDB-40A4-80D1-7C533F0AA872}.Release|x86.ActiveCfg = Release|Win32
		{DB5BACEB-FFDB-40A4-80D1-7C533F0AA872}.Release|x86.Build.0 = Release|Win32
		{07ADDC8E-9BA8-4BF3-8450-8B4B264FFC54}.Debug|x64.ActiveCfg = Debug|x64
		{07ADDC8E-9BA8-4BF3-8450-8B4B264FFC54}.Debug|x64.Build.0 = Debug|x64
		{07ADDC8E-9BA8-4BF3-8450-8B4B264FFC54}.Debug|x86.ActiveCfg = Debug|Win32
		{07ADDC8E-9BA8-4BF3-8450-8B4B264FFC54}.Debug|x86.Build.0 = Debug|Win32
		{07ADDC8E-9BA8-4BF3-8450-8B4B264FFC54}.Release|x64.ActiveCfg = Release|x64
		{07ADDC8E-9BA8-4BF3-8450-8B4B264FFC54}.Release|x64.Build.0 = Release|x64
		{07ADDC8E-9BA8-4BF3-8450-8B4B264FFC54}.Release|x86.ActiveCfg = Release|Win32
		{07ADDC8E-9BA8-4BF3-8450-8B4B264FFC54}.Release|x86.Build.0 = Release|Win32
		{46F3488D-ECB7-47C2-ABC4-BFD0EDA86BAE}.Debug|x64.ActiveCfg = Debug|x64
		{46F3488D-ECB7-47C2-ABC4-BFD0EDA86BAE}.Debug|x64.Build.0 = Debug|x64
		{46F3488D-ECB7-47C2-ABC4-BFD0EDA86BAE}.Debug|x86.ActiveCfg = Debug|Win32
		{46F3488D-ECB7-47C2-ABC4-BFD0EDA86BAE}.Debug|x86.Build.0 = Debug|Win32
		{46F3488D-ECB7-47C2-ABC4-BFD0EDA86BAE}.Release|x64.ActiveCfg = Release|x64
		{46F3488D-ECB7-47C2-ABC4-BFD0EDA86BAE}.Release|x64.Build.0 = Release|x64
		{46F3488D-ECB7-47C2-ABC4-BFD0EDA86BAE}.Release|x86.ActiveCfg = Release|Win32
		{46F3488D-ECB7-47C2-ABC4-BFD0EDA86BAE}.Release|x86.Build.0 = Release|Win32
		{E9AEF405-779C-487A-BCC6-B8F759AF8EEF}.Debug|x64.ActiveCfg = Debug|x64
		{E9AEF405-779C-487A-BCC6-B8F759AF8EEF}.Debug|x64.Build.0 = Debug|x64
		{E9AEF405-779C-487A-BCC6-B8F759AF8EEF}.Debug|x86.ActiveCfg = Debug|Win32
		{E9AEF405-779C-487A-BCC6-B8F759AF8EEF}.Debug|x86.Build.0 = Debug|Win32
		{E9AEF405-779C-487A-BCC6-B8F759AF8EEF}.Release|x64.ActiveCfg = Release|x64
		{E9AEF405-779C-487A-BCC6-B8F759AF8EEF}.Release|x64.Build.0 = Release|x64
		{E9AEF405-779C-487A-BCC6-B8F759AF8EEF}.Release|x86.ActiveCfg = Release|Win32
		{E9AEF405-779C-487A-BCC6-B8F759AF8EEF}.Release|x86.Build.0 = Release|Win32
		{9F9A2CEB-E54E-4656-B525-BA31A892EFE8}.Debug|x64.ActiveCfg = Debug|x64
		{9F9A2CEB-E54E-4656-B525-BA31A892EFE8}.Debug|x64.Build.0 = Debug|x64
		{9F9A2CEB-E54E-4656-B525-BA31A892EFE8}.Debug|x86.ActiveCfg = Debug|Win32
		{9F9A2CEB-E54E-4656-B525-BA31A892EFE8}.Debug|x86.Build.0 = Debug|Win32
		{9F9A2CEB-E54E-4656-B525-BA31A892EFE8}.Release|x64.ActiveCfg = Release|x64
		{9F9A2CEB-E54E-4656-B525-BA31A892EFE8}.Release|x64.Build.0 = Release|x64
		{9F9A2CEB-E54E-4656-B525-BA31A892EFE8}.Release|x86.ActiveCfg = Release|Win32
		{9F9A2CEB-E54E-4656-B525-BA31A892EFE8}.Release|x86.Build.0 = Release|Win32
		{47C13EBB-9ED2-496F-9219-BD35C9B6BE9B}.Debug|x64.ActiveCfg = Debug|x64
		{47C13EBB-9ED2-496F-9219-BD35C9B6BE9B}.Debug|x64.Build.0 = Debug|x64
		{47C13EBB-9ED2-496F-9219-BD35C9B6BE9B}.Debug|x86.ActiveCfg = Debug|Win32
		{47C13EBB-9ED2-496F-9219-BD35C9B6BE9B}.Debug|x86.Build.0 = Debug|Win32
		{47C13EBB-9ED2-496F-9219-BD35C9B6BE9B}.Release|x64.ActiveCfg = Release|x64
		{47C13EBB-9ED2-496F-9219-BD35C9B6BE9B}.Release|x64.Build.0 = Release|x64
		{47C13EBB-9ED2-496F-9219-BD35C9B6BE9B}.Release|x86.ActiveCfg = Release|Win32
		{47C13EBB-9ED2-496F-9219-BD35C9B6BE9B}.Release|x86.Build.0 = Release|Win32
	EndGlobalSection
	GlobalSection(SolutionProperties) = preSolution
		HideSolutionNode = FALSE
	EndGlobalSection
	GlobalSection(ExtensibilityGlobals) = postSolution
		SolutionGuid = {169A851C-C01B-46A9-85B4-DB3E93699778}
	EndGlobalSection
EndGlobal
